
Microsoft Visual Studio Solution File, Format Version 12.00
# Visual Studio Version 16
VisualStudioVersion = 16.0.30225.117
MinimumVisualStudioVersion = 10.0.40219.1
Project("{FAE04EC0-301F-11D3-BF4B-00C04F79EFBC}") = "EmployeeManagementSystem", "EmployeeManagementSystem\EmployeeManagementSystem.csproj", "{7B595868-A47D-4C84-AF9E-2B1DB7C69B47}"
EndProject
Global
	GlobalSection(SolutionConfigurationPlatforms) = preSolution
		Debug|Any CPU = Debug|Any CPU
		Release|Any CPU = Release|Any CPU
	EndGlobalSection
	GlobalSection(ProjectConfigurationPlatforms) = postSolution
		{7B595868-A47D-4C84-AF9E-2B1DB7C69B47}.Debug|Any CPU.ActiveCfg = Debug|Any CPU
		{7B595868-A47D-4C84-AF9E-2B1DB7C69B47}.Debug|Any CPU.Build.0 = Debug|Any CPU
		{7B595868-A47D-4C84-AF9E-2B1DB7C69B47}.Release|Any CPU.ActiveCfg = Release|Any CPU
		{7B595868-A47D-4C84-AF9E-2B1DB7C69B47}.Release|Any CPU.Build.0 = Release|Any CPU
	EndGlobalSection
	GlobalSection(SolutionProperties) = preSolution
		HideSolutionNode = FALSE
	EndGlobalSection
	GlobalSection(ExtensibilityGlobals) = postSolution
		SolutionGuid = {DE023A2E-1941-4916-AE1D-CF7CC41E35A6}
	EndGlobalSection
EndGlobal
